// !$*UTF8*$!
{
	archiveVersion = 1;
	classes = {
	};
	objectVersion = 45;
	objects = {

/* Begin PBXBuildFile section */
		2F7446990DB6B7EA00F9684A /* MainMenu.xib in Resources */ = {isa = PBXBuildFile; fileRef = 2F7446970DB6B7EA00F9684A /* MainMenu.xib */; };
		313C9428136F167E00882142 /* BitLove.icns in Resources */ = {isa = PBXBuildFile; fileRef = 313C9427136F167E00882142 /* BitLove.icns */; };
		313C948A136F1A4B00882142 /* DDLog.m in Sources */ = {isa = PBXBuildFile; fileRef = 313C9461136F1A4B00882142 /* DDLog.m */; };
		313C948B136F1A4B00882142 /* DDTTYLogger.m in Sources */ = {isa = PBXBuildFile; fileRef = 313C9463136F1A4B00882142 /* DDTTYLogger.m */; };
		313C948C136F1A4B00882142 /* DDASLLogger.m in Sources */ = {isa = PBXBuildFile; fileRef = 313C9465136F1A4B00882142 /* DDASLLogger.m */; };
		313C948D136F1A4B00882142 /* DDFileLogger.m in Sources */ = {isa = PBXBuildFile; fileRef = 313C9467136F1A4B00882142 /* DDFileLogger.m */; };
		313C948E136F1A4B00882142 /* GCDAsyncSocket.m in Sources */ = {isa = PBXBuildFile; fileRef = 313C946A136F1A4B00882142 /* GCDAsyncSocket.m */; };
		313C948F136F1A4B00882142 /* HTTPAuthenticationRequest.m in Sources */ = {isa = PBXBuildFile; fileRef = 313C946E136F1A4B00882142 /* HTTPAuthenticationRequest.m */; };
		313C9490136F1A4B00882142 /* HTTPServer.m in Sources */ = {isa = PBXBuildFile; fileRef = 313C9470136F1A4B00882142 /* HTTPServer.m */; };
		313C9491136F1A4B00882142 /* HTTPConnection.m in Sources */ = {isa = PBXBuildFile; fileRef = 313C9472136F1A4B00882142 /* HTTPConnection.m */; };
		313C9492136F1A4B00882142 /* HTTPMessage.m in Sources */ = {isa = PBXBuildFile; fileRef = 313C9474136F1A4B00882142 /* HTTPMessage.m */; };
		313C9493136F1A4B00882142 /* WebSocket.m in Sources */ = {isa = PBXBuildFile; fileRef = 313C9477136F1A4B00882142 /* WebSocket.m */; };
		313C9494136F1A4B00882142 /* HTTPFileResponse.m in Sources */ = {isa = PBXBuildFile; fileRef = 313C947A136F1A4B00882142 /* HTTPFileResponse.m */; };
		313C9495136F1A4B00882142 /* HTTPDataResponse.m in Sources */ = {isa = PBXBuildFile; fileRef = 313C947C136F1A4B00882142 /* HTTPDataResponse.m */; };
		313C9496136F1A4B00882142 /* HTTPRedirectResponse.m in Sources */ = {isa = PBXBuildFile; fileRef = 313C947E136F1A4B00882142 /* HTTPRedirectResponse.m */; };
		313C9497136F1A4B00882142 /* HTTPAsyncFileResponse.m in Sources */ = {isa = PBXBuildFile; fileRef = 313C9480136F1A4B00882142 /* HTTPAsyncFileResponse.m */; };
		313C9498136F1A4B00882142 /* HTTPDynamicFileResponse.m in Sources */ = {isa = PBXBuildFile; fileRef = 313C9482136F1A4B00882142 /* HTTPDynamicFileResponse.m */; };
		313C9499136F1A4B00882142 /* DDData.m in Sources */ = {isa = PBXBuildFile; fileRef = 313C9485136F1A4B00882142 /* DDData.m */; };
		313C949A136F1A4B00882142 /* DDNumber.m in Sources */ = {isa = PBXBuildFile; fileRef = 313C9487136F1A4B00882142 /* DDNumber.m */; };
		313C949B136F1A4B00882142 /* DDRange.m in Sources */ = {isa = PBXBuildFile; fileRef = 313C9489136F1A4B00882142 /* DDRange.m */; };
		313C94A1136F1A6900882142 /* Security.framework in Frameworks */ = {isa = PBXBuildFile; fileRef = 313C94A0136F1A6900882142 /* Security.framework */; };
		770B37ED0679A11B001EADE2 /* BitLove_DataModel.xcdatamodel in Sources */ = {isa = PBXBuildFile; fileRef = 770B37EC0679A11B001EADE2 /* BitLove_DataModel.xcdatamodel */; };
		77C8280E06725ACE000B614F /* BitLove_AppDelegate.m in Sources */ = {isa = PBXBuildFile; fileRef = 77C8280C06725ACE000B614F /* BitLove_AppDelegate.m */; };
		8D11072B0486CEB800E47090 /* InfoPlist.strings in Resources */ = {isa = PBXBuildFile; fileRef = 089C165CFE840E0CC02AAC07 /* InfoPlist.strings */; };
		8D11072D0486CEB800E47090 /* main.m in Sources */ = {isa = PBXBuildFile; fileRef = 29B97316FDCFA39411CA2CEA /* main.m */; settings = {ATTRIBUTES = (); }; };
		8D11072F0486CEB800E47090 /* Cocoa.framework in Frameworks */ = {isa = PBXBuildFile; fileRef = 1058C7A1FEA54F0111CA2CBB /* Cocoa.framework */; };
/* End PBXBuildFile section */

/* Begin PBXFileReference section */
		089C165DFE840E0CC02AAC07 /* English */ = {isa = PBXFileReference; fileEncoding = 10; lastKnownFileType = text.plist.strings; name = English; path = English.lproj/InfoPlist.strings; sourceTree = "<group>"; };
		1058C7A1FEA54F0111CA2CBB /* Cocoa.framework */ = {isa = PBXFileReference; lastKnownFileType = wrapper.framework; name = Cocoa.framework; path = /System/Library/Frameworks/Cocoa.framework; sourceTree = "<absolute>"; };
		29B97316FDCFA39411CA2CEA /* main.m */ = {isa = PBXFileReference; fileEncoding = 4; lastKnownFileType = sourcecode.c.objc; path = main.m; sourceTree = "<group>"; };
		29B97324FDCFA39411CA2CEA /* AppKit.framework */ = {isa = PBXFileReference; lastKnownFileType = wrapper.framework; name = AppKit.framework; path = /System/Library/Frameworks/AppKit.framework; sourceTree = "<absolute>"; };
		29B97325FDCFA39411CA2CEA /* Foundation.framework */ = {isa = PBXFileReference; lastKnownFileType = wrapper.framework; name = Foundation.framework; path = /System/Library/Frameworks/Foundation.framework; sourceTree = "<absolute>"; };
		2F7446980DB6B7EA00F9684A /* English */ = {isa = PBXFileReference; lastKnownFileType = file.xib; name = English; path = English.lproj/MainMenu.xib; sourceTree = "<group>"; };
		313C9427136F167E00882142 /* BitLove.icns */ = {isa = PBXFileReference; lastKnownFileType = image.icns; name = BitLove.icns; path = ../img/BitLove.icns; sourceTree = SOURCE_ROOT; };
		313C9460136F1A4B00882142 /* DDLog.h */ = {isa = PBXFileReference; fileEncoding = 4; lastKnownFileType = sourcecode.c.h; name = DDLog.h; path = ../3rd/cocoahttpserver/Vendor/CocoaLumberjack/DDLog.h; sourceTree = SOURCE_ROOT; };
		313C9461136F1A4B00882142 /* DDLog.m */ = {isa = PBXFileReference; fileEncoding = 4; lastKnownFileType = sourcecode.c.objc; name = DDLog.m; path = ../3rd/cocoahttpserver/Vendor/CocoaLumberjack/DDLog.m; sourceTree = SOURCE_ROOT; };
		313C9462136F1A4B00882142 /* DDTTYLogger.h */ = {isa = PBXFileReference; fileEncoding = 4; lastKnownFileType = sourcecode.c.h; name = DDTTYLogger.h; path = ../3rd/cocoahttpserver/Vendor/CocoaLumberjack/DDTTYLogger.h; sourceTree = SOURCE_ROOT; };
		313C9463136F1A4B00882142 /* DDTTYLogger.m */ = {isa = PBXFileReference; fileEncoding = 4; lastKnownFileType = sourcecode.c.objc; name = DDTTYLogger.m; path = ../3rd/cocoahttpserver/Vendor/CocoaLumberjack/DDTTYLogger.m; sourceTree = SOURCE_ROOT; };
		313C9464136F1A4B00882142 /* DDASLLogger.h */ = {isa = PBXFileReference; fileEncoding = 4; lastKnownFileType = sourcecode.c.h; name = DDASLLogger.h; path = ../3rd/cocoahttpserver/Vendor/CocoaLumberjack/DDASLLogger.h; sourceTree = SOURCE_ROOT; };
		313C9465136F1A4B00882142 /* DDASLLogger.m */ = {isa = PBXFileReference; fileEncoding = 4; lastKnownFileType = sourcecode.c.objc; name = DDASLLogger.m; path = ../3rd/cocoahttpserver/Vendor/CocoaLumberjack/DDASLLogger.m; sourceTree = SOURCE_ROOT; };
		313C9466136F1A4B00882142 /* DDFileLogger.h */ = {isa = PBXFileReference; fileEncoding = 4; lastKnownFileType = sourcecode.c.h; name = DDFileLogger.h; path = ../3rd/cocoahttpserver/Vendor/CocoaLumberjack/DDFileLogger.h; sourceTree = SOURCE_ROOT; };
		313C9467136F1A4B00882142 /* DDFileLogger.m */ = {isa = PBXFileReference; fileEncoding = 4; lastKnownFileType = sourcecode.c.objc; name = DDFileLogger.m; path = ../3rd/cocoahttpserver/Vendor/CocoaLumberjack/DDFileLogger.m; sourceTree = SOURCE_ROOT; };
		313C9469136F1A4B00882142 /* GCDAsyncSocket.h */ = {isa = PBXFileReference; fileEncoding = 4; lastKnownFileType = sourcecode.c.h; name = GCDAsyncSocket.h; path = ../3rd/cocoahttpserver/Vendor/CocoaAsyncSocket/GCDAsyncSocket.h; sourceTree = SOURCE_ROOT; };
		313C946A136F1A4B00882142 /* GCDAsyncSocket.m */ = {isa = PBXFileReference; fileEncoding = 4; lastKnownFileType = sourcecode.c.objc; name = GCDAsyncSocket.m; path = ../3rd/cocoahttpserver/Vendor/CocoaAsyncSocket/GCDAsyncSocket.m; sourceTree = SOURCE_ROOT; };
		313C946C136F1A4B00882142 /* HTTPLogging.h */ = {isa = PBXFileReference; fileEncoding = 4; lastKnownFileType = sourcecode.c.h; name = HTTPLogging.h; path = ../3rd/cocoahttpserver/HTTPLogging.h; sourceTree = SOURCE_ROOT; };
		313C946D136F1A4B00882142 /* HTTPAuthenticationRequest.h */ = {isa = PBXFileReference; fileEncoding = 4; lastKnownFileType = sourcecode.c.h; name = HTTPAuthenticationRequest.h; path = ../3rd/cocoahttpserver/HTTPAuthenticationRequest.h; sourceTree = SOURCE_ROOT; };
		313C946E136F1A4B00882142 /* HTTPAuthenticationRequest.m */ = {isa = PBXFileReference; fileEncoding = 4; lastKnownFileType = sourcecode.c.objc; name = HTTPAuthenticationRequest.m; path = ../3rd/cocoahttpserver/HTTPAuthenticationRequest.m; sourceTree = SOURCE_ROOT; };
		313C946F136F1A4B00882142 /* HTTPServer.h */ = {isa = PBXFileReference; fileEncoding = 4; lastKnownFileType = sourcecode.c.h; name = HTTPServer.h; path = ../3rd/cocoahttpserver/HTTPServer.h; sourceTree = SOURCE_ROOT; };
		313C9470136F1A4B00882142 /* HTTPServer.m */ = {isa = PBXFileReference; fileEncoding = 4; lastKnownFileType = sourcecode.c.objc; name = HTTPServer.m; path = ../3rd/cocoahttpserver/HTTPServer.m; sourceTree = SOURCE_ROOT; };
		313C9471136F1A4B00882142 /* HTTPConnection.h */ = {isa = PBXFileReference; fileEncoding = 4; lastKnownFileType = sourcecode.c.h; name = HTTPConnection.h; path = ../3rd/cocoahttpserver/HTTPConnection.h; sourceTree = SOURCE_ROOT; };
		313C9472136F1A4B00882142 /* HTTPConnection.m */ = {isa = PBXFileReference; fileEncoding = 4; lastKnownFileType = sourcecode.c.objc; name = HTTPConnection.m; path = ../3rd/cocoahttpserver/HTTPConnection.m; sourceTree = SOURCE_ROOT; };
		313C9473136F1A4B00882142 /* HTTPMessage.h */ = {isa = PBXFileReference; fileEncoding = 4; lastKnownFileType = sourcecode.c.h; name = HTTPMessage.h; path = ../3rd/cocoahttpserver/HTTPMessage.h; sourceTree = SOURCE_ROOT; };
		313C9474136F1A4B00882142 /* HTTPMessage.m */ = {isa = PBXFileReference; fileEncoding = 4; lastKnownFileType = sourcecode.c.objc; name = HTTPMessage.m; path = ../3rd/cocoahttpserver/HTTPMessage.m; sourceTree = SOURCE_ROOT; };
		313C9475136F1A4B00882142 /* HTTPResponse.h */ = {isa = PBXFileReference; fileEncoding = 4; lastKnownFileType = sourcecode.c.h; name = HTTPResponse.h; path = ../3rd/cocoahttpserver/HTTPResponse.h; sourceTree = SOURCE_ROOT; };
		313C9476136F1A4B00882142 /* WebSocket.h */ = {isa = PBXFileReference; fileEncoding = 4; lastKnownFileType = sourcecode.c.h; name = WebSocket.h; path = ../3rd/cocoahttpserver/WebSocket.h; sourceTree = SOURCE_ROOT; };
		313C9477136F1A4B00882142 /* WebSocket.m */ = {isa = PBXFileReference; fileEncoding = 4; lastKnownFileType = sourcecode.c.objc; name = WebSocket.m; path = ../3rd/cocoahttpserver/WebSocket.m; sourceTree = SOURCE_ROOT; };
		313C9479136F1A4B00882142 /* HTTPFileResponse.h */ = {isa = PBXFileReference; fileEncoding = 4; lastKnownFileType = sourcecode.c.h; name = HTTPFileResponse.h; path = ../3rd/cocoahttpserver/HTTPFileResponse.h; sourceTree = SOURCE_ROOT; };
		313C947A136F1A4B00882142 /* HTTPFileResponse.m */ = {isa = PBXFileReference; fileEncoding = 4; lastKnownFileType = sourcecode.c.objc; name = HTTPFileResponse.m; path = ../3rd/cocoahttpserver/HTTPFileResponse.m; sourceTree = SOURCE_ROOT; };
		313C947B136F1A4B00882142 /* HTTPDataResponse.h */ = {isa = PBXFileReference; fileEncoding = 4; lastKnownFileType = sourcecode.c.h; name = HTTPDataResponse.h; path = ../3rd/cocoahttpserver/HTTPDataResponse.h; sourceTree = SOURCE_ROOT; };
		313C947C136F1A4B00882142 /* HTTPDataResponse.m */ = {isa = PBXFileReference; fileEncoding = 4; lastKnownFileType = sourcecode.c.objc; name = HTTPDataResponse.m; path = ../3rd/cocoahttpserver/HTTPDataResponse.m; sourceTree = SOURCE_ROOT; };
		313C947D136F1A4B00882142 /* HTTPRedirectResponse.h */ = {isa = PBXFileReference; fileEncoding = 4; lastKnownFileType = sourcecode.c.h; name = HTTPRedirectResponse.h; path = ../3rd/cocoahttpserver/HTTPRedirectResponse.h; sourceTree = SOURCE_ROOT; };
		313C947E136F1A4B00882142 /* HTTPRedirectResponse.m */ = {isa = PBXFileReference; fileEncoding = 4; lastKnownFileType = sourcecode.c.objc; name = HTTPRedirectResponse.m; path = ../3rd/cocoahttpserver/HTTPRedirectResponse.m; sourceTree = SOURCE_ROOT; };
		313C947F136F1A4B00882142 /* HTTPAsyncFileResponse.h */ = {isa = PBXFileReference; fileEncoding = 4; lastKnownFileType = sourcecode.c.h; name = HTTPAsyncFileResponse.h; path = ../3rd/cocoahttpserver/HTTPAsyncFileResponse.h; sourceTree = SOURCE_ROOT; };
		313C9480136F1A4B00882142 /* HTTPAsyncFileResponse.m */ = {isa = PBXFileReference; fileEncoding = 4; lastKnownFileType = sourcecode.c.objc; name = HTTPAsyncFileResponse.m; path = ../3rd/cocoahttpserver/HTTPAsyncFileResponse.m; sourceTree = SOURCE_ROOT; };
		313C9481136F1A4B00882142 /* HTTPDynamicFileResponse.h */ = {isa = PBXFileReference; fileEncoding = 4; lastKnownFileType = sourcecode.c.h; name = HTTPDynamicFileResponse.h; path = ../3rd/cocoahttpserver/HTTPDynamicFileResponse.h; sourceTree = SOURCE_ROOT; };
		313C9482136F1A4B00882142 /* HTTPDynamicFileResponse.m */ = {isa = PBXFileReference; fileEncoding = 4; lastKnownFileType = sourcecode.c.objc; name = HTTPDynamicFileResponse.m; path = ../3rd/cocoahttpserver/HTTPDynamicFileResponse.m; sourceTree = SOURCE_ROOT; };
		313C9484136F1A4B00882142 /* DDData.h */ = {isa = PBXFileReference; fileEncoding = 4; lastKnownFileType = sourcecode.c.h; name = DDData.h; path = ../3rd/cocoahttpserver/DDData.h; sourceTree = SOURCE_ROOT; };
		313C9485136F1A4B00882142 /* DDData.m */ = {isa = PBXFileReference; fileEncoding = 4; lastKnownFileType = sourcecode.c.objc; name = DDData.m; path = ../3rd/cocoahttpserver/DDData.m; sourceTree = SOURCE_ROOT; };
		313C9486136F1A4B00882142 /* DDNumber.h */ = {isa = PBXFileReference; fileEncoding = 4; lastKnownFileType = sourcecode.c.h; name = DDNumber.h; path = ../3rd/cocoahttpserver/DDNumber.h; sourceTree = SOURCE_ROOT; };
		313C9487136F1A4B00882142 /* DDNumber.m */ = {isa = PBXFileReference; fileEncoding = 4; lastKnownFileType = sourcecode.c.objc; name = DDNumber.m; path = ../3rd/cocoahttpserver/DDNumber.m; sourceTree = SOURCE_ROOT; };
		313C9488136F1A4B00882142 /* DDRange.h */ = {isa = PBXFileReference; fileEncoding = 4; lastKnownFileType = sourcecode.c.h; name = DDRange.h; path = ../3rd/cocoahttpserver/DDRange.h; sourceTree = SOURCE_ROOT; };
		313C9489136F1A4B00882142 /* DDRange.m */ = {isa = PBXFileReference; fileEncoding = 4; lastKnownFileType = sourcecode.c.objc; name = DDRange.m; path = ../3rd/cocoahttpserver/DDRange.m; sourceTree = SOURCE_ROOT; };
		313C94A0136F1A6900882142 /* Security.framework */ = {isa = PBXFileReference; lastKnownFileType = wrapper.framework; name = Security.framework; path = System/Library/Frameworks/Security.framework; sourceTree = SDKROOT; };
		32CA4F630368D1EE00C91783 /* BitLove_Prefix.pch */ = {isa = PBXFileReference; fileEncoding = 4; lastKnownFileType = sourcecode.c.h; path = BitLove_Prefix.pch; sourceTree = "<group>"; };
		770B37EC0679A11B001EADE2 /* BitLove_DataModel.xcdatamodel */ = {isa = PBXFileReference; fileEncoding = 4; lastKnownFileType = wrapper.xcdatamodel; path = BitLove_DataModel.xcdatamodel; sourceTree = "<group>"; };
		77C82804067257F0000B614F /* CoreData.framework */ = {isa = PBXFileReference; lastKnownFileType = wrapper.framework; name = CoreData.framework; path = /System/Library/Frameworks/CoreData.framework; sourceTree = "<absolute>"; };
		77C8280B06725ACE000B614F /* BitLove_AppDelegate.h */ = {isa = PBXFileReference; fileEncoding = 4; lastKnownFileType = sourcecode.c.h; path = BitLove_AppDelegate.h; sourceTree = "<group>"; };
		77C8280C06725ACE000B614F /* BitLove_AppDelegate.m */ = {isa = PBXFileReference; fileEncoding = 4; lastKnownFileType = sourcecode.c.objc; path = BitLove_AppDelegate.m; sourceTree = "<group>"; };
		8D1107310486CEB800E47090 /* BitLove-Info.plist */ = {isa = PBXFileReference; explicitFileType = text.plist.xml; fileEncoding = 4; path = "BitLove-Info.plist"; sourceTree = "<group>"; };
		8D1107320486CEB800E47090 /* BitLove.app */ = {isa = PBXFileReference; explicitFileType = wrapper.application; includeInIndex = 0; path = BitLove.app; sourceTree = BUILT_PRODUCTS_DIR; };
/* End PBXFileReference section */

/* Begin PBXFrameworksBuildPhase section */
		8D11072E0486CEB800E47090 /* Frameworks */ = {
			isa = PBXFrameworksBuildPhase;
			buildActionMask = 2147483647;
			files = (
				8D11072F0486CEB800E47090 /* Cocoa.framework in Frameworks */,
				313C94A1136F1A6900882142 /* Security.framework in Frameworks */,
			);
			runOnlyForDeploymentPostprocessing = 0;
		};
/* End PBXFrameworksBuildPhase section */

/* Begin PBXGroup section */
		080E96DDFE201D6D7F000001 /* Classes */ = {
			isa = PBXGroup;
			children = (
				77C8280B06725ACE000B614F /* BitLove_AppDelegate.h */,
				77C8280C06725ACE000B614F /* BitLove_AppDelegate.m */,
			);
			name = Classes;
			sourceTree = "<group>";
		};
		1058C7A0FEA54F0111CA2CBB /* Linked Frameworks */ = {
			isa = PBXGroup;
			children = (
				313C94A0136F1A6900882142 /* Security.framework */,
				1058C7A1FEA54F0111CA2CBB /* Cocoa.framework */,
			);
			name = "Linked Frameworks";
			sourceTree = "<group>";
		};
		1058C7A2FEA54F0111CA2CBB /* Other Frameworks */ = {
			isa = PBXGroup;
			children = (
				77C82804067257F0000B614F /* CoreData.framework */,
				29B97325FDCFA39411CA2CEA /* Foundation.framework */,
				29B97324FDCFA39411CA2CEA /* AppKit.framework */,
			);
			name = "Other Frameworks";
			sourceTree = "<group>";
		};
		19C28FACFE9D520D11CA2CBB /* Products */ = {
			isa = PBXGroup;
			children = (
				8D1107320486CEB800E47090 /* BitLove.app */,
			);
			name = Products;
			sourceTree = "<group>";
		};
		29B97314FDCFA39411CA2CEA /* BitLove */ = {
			isa = PBXGroup;
			children = (
				313C944B136F19FA00882142 /* 3rd */,
				7756732906782D8800D1FEB8 /* Models */,
				080E96DDFE201D6D7F000001 /* Classes */,
				29B97315FDCFA39411CA2CEA /* Other Sources */,
				29B97317FDCFA39411CA2CEA /* Resources */,
				29B97323FDCFA39411CA2CEA /* Frameworks */,
				19C28FACFE9D520D11CA2CBB /* Products */,
			);
			name = BitLove;
			sourceTree = "<group>";
		};
		29B97315FDCFA39411CA2CEA /* Other Sources */ = {
			isa = PBXGroup;
			children = (
				32CA4F630368D1EE00C91783 /* BitLove_Prefix.pch */,
				29B97316FDCFA39411CA2CEA /* main.m */,
			);
			name = "Other Sources";
			sourceTree = "<group>";
		};
		29B97317FDCFA39411CA2CEA /* Resources */ = {
			isa = PBXGroup;
			children = (
				313C9427136F167E00882142 /* BitLove.icns */,
				8D1107310486CEB800E47090 /* BitLove-Info.plist */,
				089C165CFE840E0CC02AAC07 /* InfoPlist.strings */,
				2F7446970DB6B7EA00F9684A /* MainMenu.xib */,
			);
			name = Resources;
			sourceTree = "<group>";
		};
		29B97323FDCFA39411CA2CEA /* Frameworks */ = {
			isa = PBXGroup;
			children = (
				1058C7A0FEA54F0111CA2CBB /* Linked Frameworks */,
				1058C7A2FEA54F0111CA2CBB /* Other Frameworks */,
			);
			name = Frameworks;
			sourceTree = "<group>";
		};
		313C944B136F19FA00882142 /* 3rd */ = {
			isa = PBXGroup;
			children = (
				313C944C136F1A0400882142 /* cocoahttpserver */,
			);
			name = 3rd;
			sourceTree = "<group>";
		};
		313C944C136F1A0400882142 /* cocoahttpserver */ = {
			isa = PBXGroup;
			children = (
				313C946B136F1A4B00882142 /* HTTP */,
				313C9468136F1A4B00882142 /* TCP */,
				313C945F136F1A4B00882142 /* Logging */,
			);
			name = cocoahttpserver;
			sourceTree = "<group>";
		};
		313C945F136F1A4B00882142 /* Logging */ = {
			isa = PBXGroup;
			children = (
				313C9460136F1A4B00882142 /* DDLog.h */,
				313C9461136F1A4B00882142 /* DDLog.m */,
				313C9462136F1A4B00882142 /* DDTTYLogger.h */,
				313C9463136F1A4B00882142 /* DDTTYLogger.m */,
				313C9464136F1A4B00882142 /* DDASLLogger.h */,
				313C9465136F1A4B00882142 /* DDASLLogger.m */,
				313C9466136F1A4B00882142 /* DDFileLogger.h */,
				313C9467136F1A4B00882142 /* DDFileLogger.m */,
			);
			name = Logging;
			sourceTree = "<group>";
		};
		313C9468136F1A4B00882142 /* TCP */ = {
			isa = PBXGroup;
			children = (
				313C9469136F1A4B00882142 /* GCDAsyncSocket.h */,
				313C946A136F1A4B00882142 /* GCDAsyncSocket.m */,
			);
			name = TCP;
			sourceTree = "<group>";
		};
		313C946B136F1A4B00882142 /* HTTP */ = {
			isa = PBXGroup;
			children = (
				313C9483136F1A4B00882142 /* Categories */,
				313C9478136F1A4B00882142 /* Responses */,
				313C946C136F1A4B00882142 /* HTTPLogging.h */,
				313C946D136F1A4B00882142 /* HTTPAuthenticationRequest.h */,
				313C946E136F1A4B00882142 /* HTTPAuthenticationRequest.m */,
				313C946F136F1A4B00882142 /* HTTPServer.h */,
				313C9470136F1A4B00882142 /* HTTPServer.m */,
				313C9471136F1A4B00882142 /* HTTPConnection.h */,
				313C9472136F1A4B00882142 /* HTTPConnection.m */,
				313C9473136F1A4B00882142 /* HTTPMessage.h */,
				313C9474136F1A4B00882142 /* HTTPMessage.m */,
				313C9475136F1A4B00882142 /* HTTPResponse.h */,
				313C9476136F1A4B00882142 /* WebSocket.h */,
				313C9477136F1A4B00882142 /* WebSocket.m */,
			);
			name = HTTP;
			sourceTree = "<group>";
		};
		313C9478136F1A4B00882142 /* Responses */ = {
			isa = PBXGroup;
			children = (
				313C9479136F1A4B00882142 /* HTTPFileResponse.h */,
				313C947A136F1A4B00882142 /* HTTPFileResponse.m */,
				313C947B136F1A4B00882142 /* HTTPDataResponse.h */,
				313C947C136F1A4B00882142 /* HTTPDataResponse.m */,
				313C947D136F1A4B00882142 /* HTTPRedirectResponse.h */,
				313C947E136F1A4B00882142 /* HTTPRedirectResponse.m */,
				313C947F136F1A4B00882142 /* HTTPAsyncFileResponse.h */,
				313C9480136F1A4B00882142 /* HTTPAsyncFileResponse.m */,
				313C9481136F1A4B00882142 /* HTTPDynamicFileResponse.h */,
				313C9482136F1A4B00882142 /* HTTPDynamicFileResponse.m */,
			);
			name = Responses;
			sourceTree = "<group>";
		};
		313C9483136F1A4B00882142 /* Categories */ = {
			isa = PBXGroup;
			children = (
				313C9484136F1A4B00882142 /* DDData.h */,
				313C9485136F1A4B00882142 /* DDData.m */,
				313C9486136F1A4B00882142 /* DDNumber.h */,
				313C9487136F1A4B00882142 /* DDNumber.m */,
				313C9488136F1A4B00882142 /* DDRange.h */,
				313C9489136F1A4B00882142 /* DDRange.m */,
			);
			name = Categories;
			sourceTree = "<group>";
		};
		7756732906782D8800D1FEB8 /* Models */ = {
			isa = PBXGroup;
			children = (
				770B37EC0679A11B001EADE2 /* BitLove_DataModel.xcdatamodel */,
			);
			name = Models;
			sourceTree = "<group>";
		};
/* End PBXGroup section */

/* Begin PBXNativeTarget section */
		8D1107260486CEB800E47090 /* BitLove */ = {
			isa = PBXNativeTarget;
			buildConfigurationList = 26FC0A840875C7B200E6366F /* Build configuration list for PBXNativeTarget "BitLove" */;
			buildPhases = (
				8D1107290486CEB800E47090 /* Resources */,
				8D11072C0486CEB800E47090 /* Sources */,
				8D11072E0486CEB800E47090 /* Frameworks */,
			);
			buildRules = (
			);
			dependencies = (
			);
			name = BitLove;
			productInstallPath = "$(HOME)/Applications";
			productName = BitLove;
			productReference = 8D1107320486CEB800E47090 /* BitLove.app */;
			productType = "com.apple.product-type.application";
		};
/* End PBXNativeTarget section */

/* Begin PBXProject section */
		29B97313FDCFA39411CA2CEA /* Project object */ = {
			isa = PBXProject;
			buildConfigurationList = 26FC0A880875C7B200E6366F /* Build configuration list for PBXProject "BitLove" */;
			compatibilityVersion = "Xcode 3.1";
			developmentRegion = English;
			hasScannedForEncodings = 1;
			knownRegions = (
				English,
				Japanese,
				French,
				German,
			);
			mainGroup = 29B97314FDCFA39411CA2CEA /* BitLove */;
			projectDirPath = "";
			projectRoot = "";
			targets = (
				8D1107260486CEB800E47090 /* BitLove */,
			);
		};
/* End PBXProject section */

/* Begin PBXResourcesBuildPhase section */
		8D1107290486CEB800E47090 /* Resources */ = {
			isa = PBXResourcesBuildPhase;
			buildActionMask = 2147483647;
			files = (
				8D11072B0486CEB800E47090 /* InfoPlist.strings in Resources */,
				2F7446990DB6B7EA00F9684A /* MainMenu.xib in Resources */,
				313C9428136F167E00882142 /* BitLove.icns in Resources */,
			);
			runOnlyForDeploymentPostprocessing = 0;
		};
/* End PBXResourcesBuildPhase section */

/* Begin PBXSourcesBuildPhase section */
		8D11072C0486CEB800E47090 /* Sources */ = {
			isa = PBXSourcesBuildPhase;
			buildActionMask = 2147483647;
			files = (
				8D11072D0486CEB800E47090 /* main.m in Sources */,
				77C8280E06725ACE000B614F /* BitLove_AppDelegate.m in Sources */,
				770B37ED0679A11B001EADE2 /* BitLove_DataModel.xcdatamodel in Sources */,
				313C948A136F1A4B00882142 /* DDLog.m in Sources */,
				313C948B136F1A4B00882142 /* DDTTYLogger.m in Sources */,
				313C948C136F1A4B00882142 /* DDASLLogger.m in Sources */,
				313C948D136F1A4B00882142 /* DDFileLogger.m in Sources */,
				313C948E136F1A4B00882142 /* GCDAsyncSocket.m in Sources */,
				313C948F136F1A4B00882142 /* HTTPAuthenticationRequest.m in Sources */,
				313C9490136F1A4B00882142 /* HTTPServer.m in Sources */,
				313C9491136F1A4B00882142 /* HTTPConnection.m in Sources */,
				313C9492136F1A4B00882142 /* HTTPMessage.m in Sources */,
				313C9493136F1A4B00882142 /* WebSocket.m in Sources */,
				313C9494136F1A4B00882142 /* HTTPFileResponse.m in Sources */,
				313C9495136F1A4B00882142 /* HTTPDataResponse.m in Sources */,
				313C9496136F1A4B00882142 /* HTTPRedirectResponse.m in Sources */,
				313C9497136F1A4B00882142 /* HTTPAsyncFileResponse.m in Sources */,
				313C9498136F1A4B00882142 /* HTTPDynamicFileResponse.m in Sources */,
				313C9499136F1A4B00882142 /* DDData.m in Sources */,
				313C949A136F1A4B00882142 /* DDNumber.m in Sources */,
				313C949B136F1A4B00882142 /* DDRange.m in Sources */,
			);
			runOnlyForDeploymentPostprocessing = 0;
		};
/* End PBXSourcesBuildPhase section */

/* Begin PBXVariantGroup section */
		089C165CFE840E0CC02AAC07 /* InfoPlist.strings */ = {
			isa = PBXVariantGroup;
			children = (
				089C165DFE840E0CC02AAC07 /* English */,
			);
			name = InfoPlist.strings;
			sourceTree = "<group>";
		};
		2F7446970DB6B7EA00F9684A /* MainMenu.xib */ = {
			isa = PBXVariantGroup;
			children = (
				2F7446980DB6B7EA00F9684A /* English */,
			);
			name = MainMenu.xib;
			sourceTree = "<group>";
		};
/* End PBXVariantGroup section */

/* Begin XCBuildConfiguration section */
		26FC0A850875C7B200E6366F /* Debug */ = {
			isa = XCBuildConfiguration;
			buildSettings = {
				ARCHS = "$(ARCHS_STANDARD_32_64_BIT)";
				COPY_PHASE_STRIP = NO;
				GCC_DYNAMIC_NO_PIC = NO;
				GCC_ENABLE_FIX_AND_CONTINUE = YES;
				GCC_ENABLE_OBJC_EXCEPTIONS = YES;
				GCC_MODEL_TUNING = G5;
				GCC_OPTIMIZATION_LEVEL = 0;
				GCC_PRECOMPILE_PREFIX_HEADER = YES;
				GCC_PREFIX_HEADER = BitLove_Prefix.pch;
				INFOPLIST_FILE = "BitLove-Info.plist";
				INSTALL_PATH = "$(HOME)/Applications";
				PRODUCT_NAME = BitLove;
				WRAPPER_EXTENSION = app;
			};
			name = Debug;
		};
		26FC0A860875C7B200E6366F /* Release */ = {
			isa = XCBuildConfiguration;
			buildSettings = {
				DEBUG_INFORMATION_FORMAT = "dwarf-with-dsym";
				GCC_ENABLE_OBJC_EXCEPTIONS = YES;
				GCC_MODEL_TUNING = G5;
				GCC_PRECOMPILE_PREFIX_HEADER = YES;
				GCC_PREFIX_HEADER = BitLove_Prefix.pch;
				INFOPLIST_FILE = "BitLove-Info.plist";
				INSTALL_PATH = "$(HOME)/Applications";
				PRODUCT_NAME = BitLove;
				WRAPPER_EXTENSION = app;
			};
			name = Release;
		};
		26FC0A890875C7B200E6366F /* Debug */ = {
			isa = XCBuildConfiguration;
			buildSettings = {
				ARCHS = "$(ARCHS_STANDARD_32_64_BIT)";
				GCC_C_LANGUAGE_STANDARD = gnu99;
				GCC_WARN_ABOUT_RETURN_TYPE = YES;
				GCC_WARN_UNUSED_VARIABLE = YES;
				ONLY_ACTIVE_ARCH = YES;
				PREBINDING = NO;
				SDKROOT = macosx10.6;
			};
			name = Debug;
		};
		26FC0A8A0875C7B200E6366F /* Release */ = {
			isa = XCBuildConfiguration;
			buildSettings = {
				ARCHS = "$(ARCHS_STANDARD_32_64_BIT)";
				GCC_C_LANGUAGE_STANDARD = gnu99;
				GCC_WARN_ABOUT_RETURN_TYPE = YES;
				GCC_WARN_UNUSED_VARIABLE = YES;
				PREBINDING = NO;
				SDKROOT = macosx10.6;
			};
			name = Release;
		};
/* End XCBuildConfiguration section */

/* Begin XCConfigurationList section */
		26FC0A840875C7B200E6366F /* Build configuration list for PBXNativeTarget "BitLove" */ = {
			isa = XCConfigurationList;
			buildConfigurations = (
				26FC0A850875C7B200E6366F /* Debug */,
				26FC0A860875C7B200E6366F /* Release */,
			);
			defaultConfigurationIsVisible = 0;
			defaultConfigurationName = Release;
		};
		26FC0A880875C7B200E6366F /* Build configuration list for PBXProject "BitLove" */ = {
			isa = XCConfigurationList;
			buildConfigurations = (
				26FC0A890875C7B200E6366F /* Debug */,
				26FC0A8A0875C7B200E6366F /* Release */,
			);
			defaultConfigurationIsVisible = 0;
			defaultConfigurationName = Release;
		};
/* End XCConfigurationList section */
	};
	rootObject = 29B97313FDCFA39411CA2CEA /* Project object */;
}
